// !$*UTF8*$!
{
	archiveVersion = 1;
	classes = {
	};
	objectVersion = 50;
	objects = {

/* Begin PBXBuildFile section */
		502E499A2445E97D008E869F /* AppDelegate.swift in Sources */ = {isa = PBXBuildFile; fileRef = 502E49992445E97D008E869F /* AppDelegate.swift */; };
		502E499C2445E97D008E869F /* SceneDelegate.swift in Sources */ = {isa = PBXBuildFile; fileRef = 502E499B2445E97D008E869F /* SceneDelegate.swift */; };
		502E499E2445E97D008E869F /* ViewController.swift in Sources */ = {isa = PBXBuildFile; fileRef = 502E499D2445E97D008E869F /* ViewController.swift */; };
		502E49A12445E97D008E869F /* Main.storyboard in Resources */ = {isa = PBXBuildFile; fileRef = 502E499F2445E97D008E869F /* Main.storyboard */; };
		502E49A32445E981008E869F /* Assets.xcassets in Resources */ = {isa = PBXBuildFile; fileRef = 502E49A22445E981008E869F /* Assets.xcassets */; };
		502E49A62445E981008E869F /* LaunchScreen.storyboard in Resources */ = {isa = PBXBuildFile; fileRef = 502E49A42445E981008E869F /* LaunchScreen.storyboard */; };
		502E49B12445E981008E869F /* SimpleAppTests.swift in Sources */ = {isa = PBXBuildFile; fileRef = 502E49B02445E981008E869F /* SimpleAppTests.swift */; };
		502E49BC2445E981008E869F /* SimpleAppUITests.swift in Sources */ = {isa = PBXBuildFile; fileRef = 502E49BB2445E981008E869F /* SimpleAppUITests.swift */; };
/* End PBXBuildFile section */

/* Begin PBXContainerItemProxy section */
		502E49AD2445E981008E869F /* PBXContainerItemProxy */ = {
			isa = PBXContainerItemProxy;
			containerPortal = 502E498E2445E97D008E869F /* Project object */;
			proxyType = 1;
			remoteGlobalIDString = 502E49952445E97D008E869F;
			remoteInfo = SimpleApp;
		};
		502E49B82445E981008E869F /* PBXContainerItemProxy */ = {
			isa = PBXContainerItemProxy;
			containerPortal = 502E498E2445E97D008E869F /* Project object */;
			proxyType = 1;
			remoteGlobalIDString = 502E49952445E97D008E869F;
			remoteInfo = SimpleApp;
		};
/* End PBXContainerItemProxy section */

/* Begin PBXFileReference section */
		502E49962445E97D008E869F /* SimpleApp.app */ = {isa = PBXFileReference; explicitFileType = wrapper.application; includeInIndex = 0; path = SimpleApp.app; sourceTree = BUILT_PRODUCTS_DIR; };
		502E49992445E97D008E869F /* AppDelegate.swift */ = {isa = PBXFileReference; lastKnownFileType = sourcecode.swift; path = AppDelegate.swift; sourceTree = "<group>"; };
		502E499B2445E97D008E869F /* SceneDelegate.swift */ = {isa = PBXFileReference; lastKnownFileType = sourcecode.swift; path = SceneDelegate.swift; sourceTree = "<group>"; };
		502E499D2445E97D008E869F /* ViewController.swift */ = {isa = PBXFileReference; lastKnownFileType = sourcecode.swift; path = ViewController.swift; sourceTree = "<group>"; };
		502E49A02445E97D008E869F /* Base */ = {isa = PBXFileReference; lastKnownFileType = file.storyboard; name = Base; path = Base.lproj/Main.storyboard; sourceTree = "<group>"; };
		502E49A22445E981008E869F /* Assets.xcassets */ = {isa = PBXFileReference; lastKnownFileType = folder.assetcatalog; path = Assets.xcassets; sourceTree = "<group>"; };
		502E49A52445E981008E869F /* Base */ = {isa = PBXFileReference; lastKnownFileType = file.storyboard; name = Base; path = Base.lproj/LaunchScreen.storyboard; sourceTree = "<group>"; };
		502E49A72445E981008E869F /* Info.plist */ = {isa = PBXFileReference; lastKnownFileType = text.plist.xml; path = Info.plist; sourceTree = "<group>"; };
		502E49AC2445E981008E869F /* SimpleAppTests.xctest */ = {isa = PBXFileReference; explicitFileType = wrapper.cfbundle; includeInIndex = 0; path = SimpleAppTests.xctest; sourceTree = BUILT_PRODUCTS_DIR; };
		502E49B02445E981008E869F /* SimpleAppTests.swift */ = {isa = PBXFileReference; lastKnownFileType = sourcecode.swift; path = SimpleAppTests.swift; sourceTree = "<group>"; };
		502E49B22445E981008E869F /* Info.plist */ = {isa = PBXFileReference; lastKnownFileType = text.plist.xml; path = Info.plist; sourceTree = "<group>"; };
		502E49B72445E981008E869F /* SimpleAppUITests.xctest */ = {isa = PBXFileReference; explicitFileType = wrapper.cfbundle; includeInIndex = 0; path = SimpleAppUITests.xctest; sourceTree = BUILT_PRODUCTS_DIR; };
		502E49BB2445E981008E869F /* SimpleAppUITests.swift */ = {isa = PBXFileReference; lastKnownFileType = sourcecode.swift; path = SimpleAppUITests.swift; sourceTree = "<group>"; };
		502E49BD2445E981008E869F /* Info.plist */ = {isa = PBXFileReference; lastKnownFileType = text.plist.xml; path = Info.plist; sourceTree = "<group>"; };
/* End PBXFileReference section */

/* Begin PBXFrameworksBuildPhase section */
		502E49932445E97D008E869F /* Frameworks */ = {
			isa = PBXFrameworksBuildPhase;
			buildActionMask = 2147483647;
			files = (
			);
			runOnlyForDeploymentPostprocessing = 0;
		};
		502E49A92445E981008E869F /* Frameworks */ = {
			isa = PBXFrameworksBuildPhase;
			buildActionMask = 2147483647;
			files = (
			);
			runOnlyForDeploymentPostprocessing = 0;
		};
		502E49B42445E981008E869F /* Frameworks */ = {
			isa = PBXFrameworksBuildPhase;
			buildActionMask = 2147483647;
			files = (
			);
			runOnlyForDeploymentPostprocessing = 0;
		};
/* End PBXFrameworksBuildPhase section */

/* Begin PBXGroup section */
		502E498D2445E97D008E869F = {
			isa = PBXGroup;
			children = (
				502E49982445E97D008E869F /* SimpleApp */,
				502E49AF2445E981008E869F /* SimpleAppTests */,
				502E49BA2445E981008E869F /* SimpleAppUITests */,
				502E49972445E97D008E869F /* Products */,
			);
			sourceTree = "<group>";
		};
		502E49972445E97D008E869F /* Products */ = {
			isa = PBXGroup;
			children = (
				502E49962445E97D008E869F /* SimpleApp.app */,
				502E49AC2445E981008E869F /* SimpleAppTests.xctest */,
				502E49B72445E981008E869F /* SimpleAppUITests.xctest */,
			);
			name = Products;
			sourceTree = "<group>";
		};
		502E49982445E97D008E869F /* SimpleApp */ = {
			isa = PBXGroup;
			children = (
				502E49992445E97D008E869F /* AppDelegate.swift */,
				502E499B2445E97D008E869F /* SceneDelegate.swift */,
				502E499D2445E97D008E869F /* ViewController.swift */,
				502E499F2445E97D008E869F /* Main.storyboard */,
				502E49A22445E981008E869F /* Assets.xcassets */,
				502E49A42445E981008E869F /* LaunchScreen.storyboard */,
				502E49A72445E981008E869F /* Info.plist */,
			);
			path = SimpleApp;
			sourceTree = "<group>";
		};
		502E49AF2445E981008E869F /* SimpleAppTests */ = {
			isa = PBXGroup;
			children = (
				502E49B02445E981008E869F /* SimpleAppTests.swift */,
				502E49B22445E981008E869F /* Info.plist */,
			);
			path = SimpleAppTests;
			sourceTree = "<group>";
		};
		502E49BA2445E981008E869F /* SimpleAppUITests */ = {
			isa = PBXGroup;
			children = (
				502E49BB2445E981008E869F /* SimpleAppUITests.swift */,
				502E49BD2445E981008E869F /* Info.plist */,
			);
			path = SimpleAppUITests;
			sourceTree = "<group>";
		};
/* End PBXGroup section */

/* Begin PBXNativeTarget section */
		502E49952445E97D008E869F /* SimpleApp */ = {
			isa = PBXNativeTarget;
			buildConfigurationList = 502E49C02445E981008E869F /* Build configuration list for PBXNativeTarget "SimpleApp" */;
			buildPhases = (
				502E49922445E97D008E869F /* Sources */,
				502E49932445E97D008E869F /* Frameworks */,
				502E49942445E97D008E869F /* Resources */,
			);
			buildRules = (
			);
			dependencies = (
			);
			name = SimpleApp;
			productName = SimpleApp;
			productReference = 502E49962445E97D008E869F /* SimpleApp.app */;
			productType = "com.apple.product-type.application";
		};
		502E49AB2445E981008E869F /* SimpleAppTests */ = {
			isa = PBXNativeTarget;
			buildConfigurationList = 502E49C32445E981008E869F /* Build configuration list for PBXNativeTarget "SimpleAppTests" */;
			buildPhases = (
				502E49A82445E981008E869F /* Sources */,
				502E49A92445E981008E869F /* Frameworks */,
				502E49AA2445E981008E869F /* Resources */,
			);
			buildRules = (
			);
			dependencies = (
				502E49AE2445E981008E869F /* PBXTargetDependency */,
			);
			name = SimpleAppTests;
			productName = SimpleAppTests;
			productReference = 502E49AC2445E981008E869F /* SimpleAppTests.xctest */;
			productType = "com.apple.product-type.bundle.unit-test";
		};
		502E49B62445E981008E869F /* SimpleAppUITests */ = {
			isa = PBXNativeTarget;
			buildConfigurationList = 502E49C62445E981008E869F /* Build configuration list for PBXNativeTarget "SimpleAppUITests" */;
			buildPhases = (
				502E49B32445E981008E869F /* Sources */,
				502E49B42445E981008E869F /* Frameworks */,
				502E49B52445E981008E869F /* Resources */,
			);
			buildRules = (
			);
			dependencies = (
				502E49B92445E981008E869F /* PBXTargetDependency */,
			);
			name = SimpleAppUITests;
			productName = SimpleAppUITests;
			productReference = 502E49B72445E981008E869F /* SimpleAppUITests.xctest */;
			productType = "com.apple.product-type.bundle.ui-testing";
		};
/* End PBXNativeTarget section */

/* Begin PBXProject section */
		502E498E2445E97D008E869F /* Project object */ = {
			isa = PBXProject;
			attributes = {
				LastSwiftUpdateCheck = 1140;
				LastUpgradeCheck = 1140;
				ORGANIZATIONNAME = "Lorenzo Ferrante";
				TargetAttributes = {
					502E49952445E97D008E869F = {
						CreatedOnToolsVersion = 11.4;
					};
					502E49AB2445E981008E869F = {
						CreatedOnToolsVersion = 11.4;
						TestTargetID = 502E49952445E97D008E869F;
					};
					502E49B62445E981008E869F = {
						CreatedOnToolsVersion = 11.4;
						TestTargetID = 502E49952445E97D008E869F;
					};
				};
			};
			buildConfigurationList = 502E49912445E97D008E869F /* Build configuration list for PBXProject "SimpleApp" */;
			compatibilityVersion = "Xcode 9.3";
			developmentRegion = en;
			hasScannedForEncodings = 0;
			knownRegions = (
				en,
				Base,
			);
			mainGroup = 502E498D2445E97D008E869F;
			productRefGroup = 502E49972445E97D008E869F /* Products */;
			projectDirPath = "";
			projectRoot = "";
			targets = (
				502E49952445E97D008E869F /* SimpleApp */,
				502E49AB2445E981008E869F /* SimpleAppTests */,
				502E49B62445E981008E869F /* SimpleAppUITests */,
			);
		};
/* End PBXProject section */

/* Begin PBXResourcesBuildPhase section */
		502E49942445E97D008E869F /* Resources */ = {
			isa = PBXResourcesBuildPhase;
			buildActionMask = 2147483647;
			files = (
				502E49A62445E981008E869F /* LaunchScreen.storyboard in Resources */,
				502E49A32445E981008E869F /* Assets.xcassets in Resources */,
				502E49A12445E97D008E869F /* Main.storyboard in Resources */,
			);
			runOnlyForDeploymentPostprocessing = 0;
		};
		502E49AA2445E981008E869F /* Resources */ = {
			isa = PBXResourcesBuildPhase;
			buildActionMask = 2147483647;
			files = (
			);
			runOnlyForDeploymentPostprocessing = 0;
		};
		502E49B52445E981008E869F /* Resources */ = {
			isa = PBXResourcesBuildPhase;
			buildActionMask = 2147483647;
			files = (
			);
			runOnlyForDeploymentPostprocessing = 0;
		};
/* End PBXResourcesBuildPhase section */

/* Begin PBXSourcesBuildPhase section */
		502E49922445E97D008E869F /* Sources */ = {
			isa = PBXSourcesBuildPhase;
			buildActionMask = 2147483647;
			files = (
				502E499E2445E97D008E869F /* ViewController.swift in Sources */,
				502E499A2445E97D008E869F /* AppDelegate.swift in Sources */,
				502E499C2445E97D008E869F /* SceneDelegate.swift in Sources */,
			);
			runOnlyForDeploymentPostprocessing = 0;
		};
		502E49A82445E981008E869F /* Sources */ = {
			isa = PBXSourcesBuildPhase;
			buildActionMask = 2147483647;
			files = (
				502E49B12445E981008E869F /* SimpleAppTests.swift in Sources */,
			);
			runOnlyForDeploymentPostprocessing = 0;
		};
		502E49B32445E981008E869F /* Sources */ = {
			isa = PBXSourcesBuildPhase;
			buildActionMask = 2147483647;
			files = (
				502E49BC2445E981008E869F /* SimpleAppUITests.swift in Sources */,
			);
			runOnlyForDeploymentPostprocessing = 0;
		};
/* End PBXSourcesBuildPhase section */

/* Begin PBXTargetDependency section */
		502E49AE2445E981008E869F /* PBXTargetDependency */ = {
			isa = PBXTargetDependency;
			target = 502E49952445E97D008E869F /* SimpleApp */;
			targetProxy = 502E49AD2445E981008E869F /* PBXContainerItemProxy */;
		};
		502E49B92445E981008E869F /* PBXTargetDependency */ = {
			isa = PBXTargetDependency;
			target = 502E49952445E97D008E869F /* SimpleApp */;
			targetProxy = 502E49B82445E981008E869F /* PBXContainerItemProxy */;
		};
/* End PBXTargetDependency section */

/* Begin PBXVariantGroup section */
		502E499F2445E97D008E869F /* Main.storyboard */ = {
			isa = PBXVariantGroup;
			children = (
				502E49A02445E97D008E869F /* Base */,
			);
			name = Main.storyboard;
			sourceTree = "<group>";
		};
		502E49A42445E981008E869F /* LaunchScreen.storyboard */ = {
			isa = PBXVariantGroup;
			children = (
				502E49A52445E981008E869F /* Base */,
			);
			name = LaunchScreen.storyboard;
			sourceTree = "<group>";
		};
/* End PBXVariantGroup section */

/* Begin XCBuildConfiguration section */
		502E49BE2445E981008E869F /* Debug */ = {
			isa = XCBuildConfiguration;
			buildSettings = {
				ALWAYS_SEARCH_USER_PATHS = NO;
				CLANG_ANALYZER_NONNULL = YES;
				CLANG_ANALYZER_NUMBER_OBJECT_CONVERSION = YES_AGGRESSIVE;
				CLANG_CXX_LANGUAGE_STANDARD = "gnu++14";
				CLANG_CXX_LIBRARY = "libc++";
				CLANG_ENABLE_MODULES = YES;
				CLANG_ENABLE_OBJC_ARC = YES;
				CLANG_ENABLE_OBJC_WEAK = YES;
				CLANG_WARN_BLOCK_CAPTURE_AUTORELEASING = YES;
				CLANG_WARN_BOOL_CONVERSION = YES;
				CLANG_WARN_COMMA = YES;
				CLANG_WARN_CONSTANT_CONVERSION = YES;
				CLANG_WARN_DEPRECATED_OBJC_IMPLEMENTATIONS = YES;
				CLANG_WARN_DIRECT_OBJC_ISA_USAGE = YES_ERROR;
				CLANG_WARN_DOCUMENTATION_COMMENTS = YES;
				CLANG_WARN_EMPTY_BODY = YES;
				CLANG_WARN_ENUM_CONVERSION = YES;
				CLANG_WARN_INFINITE_RECURSION = YES;
				CLANG_WARN_INT_CONVERSION = YES;
				CLANG_WARN_NON_LITERAL_NULL_CONVERSION = YES;
				CLANG_WARN_OBJC_IMPLICIT_RETAIN_SELF = YES;
				CLANG_WARN_OBJC_LITERAL_CONVERSION = YES;
				CLANG_WARN_OBJC_ROOT_CLASS = YES_ERROR;
				CLANG_WARN_RANGE_LOOP_ANALYSIS = YES;
				CLANG_WARN_STRICT_PROTOTYPES = YES;
				CLANG_WARN_SUSPICIOUS_MOVE = YES;
				CLANG_WARN_UNGUARDED_AVAILABILITY = YES_AGGRESSIVE;
				CLANG_WARN_UNREACHABLE_CODE = YES;
				CLANG_WARN__DUPLICATE_METHOD_MATCH = YES;
				COPY_PHASE_STRIP = NO;
				DEBUG_INFORMATION_FORMAT = dwarf;
				ENABLE_STRICT_OBJC_MSGSEND = YES;
				ENABLE_TESTABILITY = YES;
				GCC_C_LANGUAGE_STANDARD = gnu11;
				GCC_DYNAMIC_NO_PIC = NO;
				GCC_NO_COMMON_BLOCKS = YES;
				GCC_OPTIMIZATION_LEVEL = 0;
				GCC_PREPROCESSOR_DEFINITIONS = (
					"DEBUG=1",
					"$(inherited)",
				);
				GCC_WARN_64_TO_32_BIT_CONVERSION = YES;
				GCC_WARN_ABOUT_RETURN_TYPE = YES_ERROR;
				GCC_WARN_UNDECLARED_SELECTOR = YES;
				GCC_WARN_UNINITIALIZED_AUTOS = YES_AGGRESSIVE;
				GCC_WARN_UNUSED_FUNCTION = YES;
				GCC_WARN_UNUSED_VARIABLE = YES;
				IPHONEOS_DEPLOYMENT_TARGET = 13.4;
				MTL_ENABLE_DEBUG_INFO = INCLUDE_SOURCE;
				MTL_FAST_MATH = YES;
				ONLY_ACTIVE_ARCH = YES;
				SDKROOT = iphoneos;
				SWIFT_ACTIVE_COMPILATION_CONDITIONS = DEBUG;
				SWIFT_OPTIMIZATION_LEVEL = "-Onone";
			};
			name = Debug;
		};
		502E49BF2445E981008E869F /* Release */ = {
			isa = XCBuildConfiguration;
			buildSettings = {
				ALWAYS_SEARCH_USER_PATHS = NO;
				CLANG_ANALYZER_NONNULL = YES;
				CLANG_ANALYZER_NUMBER_OBJECT_CONVERSION = YES_AGGRESSIVE;
				CLANG_CXX_LANGUAGE_STANDARD = "gnu++14";
				CLANG_CXX_LIBRARY = "libc++";
				CLANG_ENABLE_MODULES = YES;
				CLANG_ENABLE_OBJC_ARC = YES;
				CLANG_ENABLE_OBJC_WEAK = YES;
				CLANG_WARN_BLOCK_CAPTURE_AUTORELEASING = YES;
				CLANG_WARN_BOOL_CONVERSION = YES;
				CLANG_WARN_COMMA = YES;
				CLANG_WARN_CONSTANT_CONVERSION = YES;
				CLANG_WARN_DEPRECATED_OBJC_IMPLEMENTATIONS = YES;
				CLANG_WARN_DIRECT_OBJC_ISA_USAGE = YES_ERROR;
				CLANG_WARN_DOCUMENTATION_COMMENTS = YES;
				CLANG_WARN_EMPTY_BODY = YES;
				CLANG_WARN_ENUM_CONVERSION = YES;
				CLANG_WARN_INFINITE_RECURSION = YES;
				CLANG_WARN_INT_CONVERSION = YES;
				CLANG_WARN_NON_LITERAL_NULL_CONVERSION = YES;
				CLANG_WARN_OBJC_IMPLICIT_RETAIN_SELF = YES;
				CLANG_WARN_OBJC_LITERAL_CONVERSION = YES;
				CLANG_WARN_OBJC_ROOT_CLASS = YES_ERROR;
				CLANG_WARN_RANGE_LOOP_ANALYSIS = YES;
				CLANG_WARN_STRICT_PROTOTYPES = YES;
				CLANG_WARN_SUSPICIOUS_MOVE = YES;
				CLANG_WARN_UNGUARDED_AVAILABILITY = YES_AGGRESSIVE;
				CLANG_WARN_UNREACHABLE_CODE = YES;
				CLANG_WARN__DUPLICATE_METHOD_MATCH = YES;
				COPY_PHASE_STRIP = NO;
				DEBUG_INFORMATION_FORMAT = "dwarf-with-dsym";
				ENABLE_NS_ASSERTIONS = NO;
				ENABLE_STRICT_OBJC_MSGSEND = YES;
				GCC_C_LANGUAGE_STANDARD = gnu11;
				GCC_NO_COMMON_BLOCKS = YES;
				GCC_WARN_64_TO_32_BIT_CONVERSION = YES;
				GCC_WARN_ABOUT_RETURN_TYPE = YES_ERROR;
				GCC_WARN_UNDECLARED_SELECTOR = YES;
				GCC_WARN_UNINITIALIZED_AUTOS = YES_AGGRESSIVE;
				GCC_WARN_UNUSED_FUNCTION = YES;
				GCC_WARN_UNUSED_VARIABLE = YES;
				IPHONEOS_DEPLOYMENT_TARGET = 13.4;
				MTL_ENABLE_DEBUG_INFO = NO;
				MTL_FAST_MATH = YES;
				SDKROOT = iphoneos;
				SWIFT_COMPILATION_MODE = wholemodule;
				SWIFT_OPTIMIZATION_LEVEL = "-O";
				VALIDATE_PRODUCT = YES;
			};
			name = Release;
		};
		502E49C12445E981008E869F /* Debug */ = {
			isa = XCBuildConfiguration;
			buildSettings = {
				ASSETCATALOG_COMPILER_APPICON_NAME = AppIcon;
				CODE_SIGN_STYLE = Automatic;
				DEVELOPMENT_TEAM = XYA85FESD6;
				INFOPLIST_FILE = SimpleApp/Info.plist;
				LD_RUNPATH_SEARCH_PATHS = (
					"$(inherited)",
					"@executable_path/Frameworks",
				);
				PRODUCT_BUNDLE_IDENTIFIER = com.lorenzoferrante.SimpleApp;
				PRODUCT_NAME = "$(TARGET_NAME)";
				SWIFT_VERSION = 5.0;
				TARGETED_DEVICE_FAMILY = "1,2";
			};
			name = Debug;
		};
		502E49C22445E981008E869F /* Release */ = {
			isa = XCBuildConfiguration;
			buildSettings = {
				ASSETCATALOG_COMPILER_APPICON_NAME = AppIcon;
				CODE_SIGN_STYLE = Automatic;
				DEVELOPMENT_TEAM = XYA85FESD6;
				INFOPLIST_FILE = SimpleApp/Info.plist;
				LD_RUNPATH_SEARCH_PATHS = (
					"$(inherited)",
					"@executable_path/Frameworks",
				);
				PRODUCT_BUNDLE_IDENTIFIER = com.lorenzoferrante.SimpleApp;
				PRODUCT_NAME = "$(TARGET_NAME)";
				SWIFT_VERSION = 5.0;
				TARGETED_DEVICE_FAMILY = "1,2";
			};
			name = Release;
		};
		502E49C42445E981008E869F /* Debug */ = {
			isa = XCBuildConfiguration;
			buildSettings = {
				ALWAYS_EMBED_SWIFT_STANDARD_LIBRARIES = YES;
				BUNDLE_LOADER = "$(TEST_HOST)";
				CODE_SIGN_STYLE = Automatic;
				DEVELOPMENT_TEAM = XYA85FESD6;
				INFOPLIST_FILE = SimpleAppTests/Info.plist;
				IPHONEOS_DEPLOYMENT_TARGET = 13.4;
				LD_RUNPATH_SEARCH_PATHS = (
					"$(inherited)",
					"@executable_path/Frameworks",
					"@loader_path/Frameworks",
				);
				PRODUCT_BUNDLE_IDENTIFIER = com.lorenzoferrante.SimpleAppTests;
				PRODUCT_NAME = "$(TARGET_NAME)";
				SWIFT_VERSION = 5.0;
				TARGETED_DEVICE_FAMILY = "1,2";
				TEST_HOST = "$(BUILT_PRODUCTS_DIR)/SimpleApp.app/SimpleApp";
			};
			name = Debug;
		};
		502E49C52445E981008E869F /* Release */ = {
			isa = XCBuildConfiguration;
			buildSettings = {
				ALWAYS_EMBED_SWIFT_STANDARD_LIBRARIES = YES;
				BUNDLE_LOADER = "$(TEST_HOST)";
				CODE_SIGN_STYLE = Automatic;
				DEVELOPMENT_TEAM = XYA85FESD6;
				INFOPLIST_FILE = SimpleAppTests/Info.plist;
				IPHONEOS_DEPLOYMENT_TARGET = 13.4;
				LD_RUNPATH_SEARCH_PATHS = (
					"$(inherited)",
					"@executable_path/Frameworks",
					"@loader_path/Frameworks",
				);
				PRODUCT_BUNDLE_IDENTIFIER = com.lorenzoferrante.SimpleAppTests;
				PRODUCT_NAME = "$(TARGET_NAME)";
				SWIFT_VERSION = 5.0;
				TARGETED_DEVICE_FAMILY = "1,2";
				TEST_HOST = "$(BUILT_PRODUCTS_DIR)/SimpleApp.app/SimpleApp";
			};
			name = Release;
		};
		502E49C72445E981008E869F /* Debug */ = {
			isa = XCBuildConfiguration;
			buildSettings = {
				ALWAYS_EMBED_SWIFT_STANDARD_LIBRARIES = YES;
				CODE_SIGN_STYLE = Automatic;
				DEVELOPMENT_TEAM = XYA85FESD6;
				INFOPLIST_FILE = SimpleAppUITests/Info.plist;
				LD_RUNPATH_SEARCH_PATHS = (
					"$(inherited)",
					"@executable_path/Frameworks",
					"@loader_path/Frameworks",
				);
				PRODUCT_BUNDLE_IDENTIFIER = com.lorenzoferrante.SimpleAppUITests;
				PRODUCT_NAME = "$(TARGET_NAME)";
				SWIFT_VERSION = 5.0;
				TARGETED_DEVICE_FAMILY = "1,2";
				TEST_TARGET_NAME = SimpleApp;
			};
			name = Debug;
		};
		502E49C82445E981008E869F /* Release */ = {
			isa = XCBuildConfiguration;
			buildSettings = {
				ALWAYS_EMBED_SWIFT_STANDARD_LIBRARIES = YES;
				CODE_SIGN_STYLE = Automatic;
				DEVELOPMENT_TEAM = XYA85FESD6;
				INFOPLIST_FILE = SimpleAppUITests/Info.plist;
				LD_RUNPATH_SEARCH_PATHS = (
					"$(inherited)",
					"@executable_path/Frameworks",
					"@loader_path/Frameworks",
				);
				PRODUCT_BUNDLE_IDENTIFIER = com.lorenzoferrante.SimpleAppUITests;
				PRODUCT_NAME = "$(TARGET_NAME)";
				SWIFT_VERSION = 5.0;
				TARGETED_DEVICE_FAMILY = "1,2";
				TEST_TARGET_NAME = SimpleApp;
			};
			name = Release;
		};
/* End XCBuildConfiguration section */

/* Begin XCConfigurationList section */
		502E49912445E97D008E869F /* Build configuration list for PBXProject "SimpleApp" */ = {
			isa = XCConfigurationList;
			buildConfigurations = (
				502E49BE2445E981008E869F /* Debug */,
				502E49BF2445E981008E869F /* Release */,
			);
			defaultConfigurationIsVisible = 0;
			defaultConfigurationName = Release;
		};
		502E49C02445E981008E869F /* Build configuration list for PBXNativeTarget "SimpleApp" */ = {
			isa = XCConfigurationList;
			buildConfigurations = (
				502E49C12445E981008E869F /* Debug */,
				502E49C22445E981008E869F /* Release */,
			);
			defaultConfigurationIsVisible = 0;
			defaultConfigurationName = Release;
		};
		502E49C32445E981008E869F /* Build configuration list for PBXNativeTarget "SimpleAppTests" */ = {
			isa = XCConfigurationList;
			buildConfigurations = (
				502E49C42445E981008E869F /* Debug */,
				502E49C52445E981008E869F /* Release */,
			);
			defaultConfigurationIsVisible = 0;
			defaultConfigurationName = Release;
		};
		502E49C62445E981008E869F /* Build configuration list for PBXNativeTarget "SimpleAppUITests" */ = {
			isa = XCConfigurationList;
			buildConfigurations = (
				502E49C72445E981008E869F /* Debug */,
				502E49C82445E981008E869F /* Release */,
			);
			defaultConfigurationIsVisible = 0;
			defaultConfigurationName = Release;
		};
/* End XCConfigurationList section */
	};
	rootObject = 502E498E2445E97D008E869F /* Project object */;
}
